lockfileVersion: 5.3

specifiers:
  '@turf/union': ^6.5.0
  lit-element: ^2.5.1
  ol: ^6.6.1
  ol-mapbox-style: ^6.4.1
  typescript: ^4.3.5
  vite: ^2.4.4

dependencies:
  '@turf/union': 6.5.0
  lit-element: 2.5.1
  ol: 6.6.1
  ol-mapbox-style: 6.4.1_ol@6.6.1

devDependencies:
  typescript: 4.3.5
  vite: 2.4.4

packages:

  /@mapbox/jsonlint-lines-primitives/2.0.2:
    resolution: {integrity: sha1-zlblOfg1UrWNENZy6k1vya3HsjQ=}
    engines: {node: '>= 0.6'}
    dev: false

  /@mapbox/mapbox-gl-style-spec/13.20.1:
    resolution: {integrity: sha512-xVCJ3IbKoPwcPrxxtGAxUqHEVxXi1hnJtLIFqgkuZfnzj0KeRbk3dZlDr/KNo1/doJjIoFgPFUO/HMOT+wXGPA==}
    hasBin: true
    dependencies:
      '@mapbox/jsonlint-lines-primitives': 2.0.2
      '@mapbox/point-geometry': 0.1.0
      '@mapbox/unitbezier': 0.0.0
      csscolorparser: 1.0.3
      json-stringify-pretty-compact: 2.0.0
      minimist: 1.2.5
      rw: 1.3.3
      sort-object: 0.3.2
    dev: false

  /@mapbox/point-geometry/0.1.0:
    resolution: {integrity: sha1-ioP5M1x4YO/6Lu7KJUMyqgru2PI=}
    dev: false

  /@mapbox/unitbezier/0.0.0:
    resolution: {integrity: sha1-FWUb1VOme4WB+zmIEMmK2Go0Uk4=}
    dev: false

  /@turf/helpers/6.5.0:
    resolution: {integrity: sha512-VbI1dV5bLFzohYYdgqwikdMVpe7pJ9X3E+dlr425wa2/sMJqYDhTO++ec38/pcPvPE6oD9WEEeU3Xu3gza+VPw==}
    dev: false

  /@turf/invariant/6.5.0:
    resolution: {integrity: sha512-Wv8PRNCtPD31UVbdJE/KVAWKe7l6US+lJItRR/HOEW3eh+U/JwRCSUl/KZ7bmjM/C+zLNoreM2TU6OoLACs4eg==}
    dependencies:
      '@turf/helpers': 6.5.0
    dev: false

  /@turf/union/6.5.0:
    resolution: {integrity: sha512-igYWCwP/f0RFHIlC2c0SKDuM/ObBaqSljI3IdV/x71805QbIvY/BYGcJdyNcgEA6cylIGl/0VSlIbpJHZ9ldhw==}
    dependencies:
      '@turf/helpers': 6.5.0
      '@turf/invariant': 6.5.0
      polygon-clipping: 0.15.3
    dev: false

  /colorette/1.2.2:
    resolution: {integrity: sha512-MKGMzyfeuutC/ZJ1cba9NqcNpfeqMUcYmyF1ZFY6/Cn7CNSAKx6a+s48sqLqyAiZuaP2TcqMhoo+dlwFnVxT9w==}
    dev: true

  /csscolorparser/1.0.3:
    resolution: {integrity: sha1-s085HupNqPPpgjHizNjfnAQfFxs=}
    dev: false

  /esbuild/0.12.16:
    resolution: {integrity: sha512-XqI9cXP2bmQ6MREIqrYBb13KfYFSERsV1+e5jSVWps8dNlLZK+hln7d0mznzDIpfISsg/AgQW0DW3kSInXWhrg==}
    hasBin: true
    requiresBuild: true
    dev: true

  /fsevents/2.3.2:
    resolution: {integrity: sha512-xiqMQR4xAeHTuB9uWm+fFRcIOgKBMiOBP+eXiyT7jsgVCq1bkVygt00oASowB7EdtpOHaaPgKt812P9ab+DDKA==}
    engines: {node: ^8.16.0 || ^10.6.0 || >=11.0.0}
    os: [darwin]
    dev: true
    optional: true

  /function-bind/1.1.1:
    resolution: {integrity: sha512-yIovAzMX49sF8Yl58fSCWJ5svSLuaibPxXQJFLmBObTuCr0Mf1KiPopGM9NiFjiYBCbfaa2Fh6breQ6ANVTI0A==}
    dev: true

  /has/1.0.3:
    resolution: {integrity: sha512-f2dvO0VU6Oej7RkWJGrehjbzMAjFp5/VKPp5tTpWIV4JHHZK1/BxbFRtf/siA2SWTe09caDmVtYYzWEIbBS4zw==}
    engines: {node: '>= 0.4.0'}
    dependencies:
      function-bind: 1.1.1
    dev: true

  /ieee754/1.2.1:
    resolution: {integrity: sha512-dcyqhDvX1C46lXZcVqCpK+FtMRQVdIMN6/Df5js2zouUsqG7I6sFxitIC+7KYK29KdXOLHdu9zL4sFnoVQnqaA==}
    dev: false

  /is-core-module/2.5.0:
    resolution: {integrity: sha512-TXCMSDsEHMEEZ6eCA8rwRDbLu55MRGmrctljsBX/2v1d9/GzqHOxW5c5oPSgrUt2vBFXebu9rGqckXGPWOlYpg==}
    dependencies:
      has: 1.0.3
    dev: true

  /json-stringify-pretty-compact/2.0.0:
    resolution: {integrity: sha512-WRitRfs6BGq4q8gTgOy4ek7iPFXjbra0H3PmDLKm2xnZ+Gh1HUhiKGgCZkSPNULlP7mvfu6FV/mOLhCarspADQ==}
    dev: false

  /lit-element/2.5.1:
    resolution: {integrity: sha512-ogu7PiJTA33bEK0xGu1dmaX5vhcRjBXCFexPja0e7P7jqLhTpNKYRPmE+GmiCaRVAbiQKGkUgkh/i6+bh++dPQ==}
    dependencies:
      lit-html: 1.4.1
    dev: false

  /lit-html/1.4.1:
    resolution: {integrity: sha512-B9btcSgPYb1q4oSOb/PrOT6Z/H+r6xuNzfH4lFli/AWhYwdtrgQkQWBbIc6mdnf6E2IL3gDXdkkqNktpU0OZQA==}
    dev: false

  /mapbox-to-css-font/2.4.0:
    resolution: {integrity: sha512-v674D0WtpxCXlA6E+sBlG1QJWdUkz/s9qAD91bJSXBGuBL5lL4tJXpoJEftecphCh2SVQCjWMS2vhylc3AIQTg==}
    dev: false

  /minimist/1.2.5:
    resolution: {integrity: sha512-FM9nNUYrRBAELZQT3xeZQ7fmMOBg6nWNmJKTcgsJeaLstP/UODVpGsr5OhXhhXg6f+qtJ8uiZ+PUxkDWcgIXLw==}
    dev: false

  /nanoid/3.1.23:
    resolution: {integrity: sha512-FiB0kzdP0FFVGDKlRLEQ1BgDzU87dy5NnzjeW9YZNt+/c3+q82EQDUwniSAUxp/F0gFNI1ZhKU1FqYsMuqZVnw==}
    engines: {node: ^10 || ^12 || ^13.7 || ^14 || >=15.0.1}
    hasBin: true
    dev: true

  /ol-mapbox-style/6.4.1_ol@6.6.1:
    resolution: {integrity: sha512-qeHgB5lEaCjvpaR6oK8bPWqPTUAYzM2CTSfYJzujIU3egYLPCvJfVagIfTEMRDUG3CXTtIYHOI2Pg58ihhWJYA==}
    peerDependencies:
      ol: '>= 6.1.0 < 7'
    dependencies:
      '@mapbox/mapbox-gl-style-spec': 13.20.1
      mapbox-to-css-font: 2.4.0
      ol: 6.6.1
      webfont-matcher: 1.1.0
    dev: false

  /ol/6.6.1:
    resolution: {integrity: sha512-QHNth7ty7UAPi5oEL5N5rJB/cgdFGAAzigYEM8LTUKCq/StTOTWDf2fFrom3wQVmsr1etf6i6hTBowtY/LiGgg==}
    dependencies:
      ol-mapbox-style: 6.4.1_ol@6.6.1
      pbf: 3.2.1
      rbush: 3.0.1
    dev: false

  /path-parse/1.0.7:
    resolution: {integrity: sha512-LDJzPVEEEPR+y48z93A0Ed0yXb8pAByGWo/k5YYdYgpY2/2EsOsksJrq7lOHxryrVOn1ejG6oAp8ahvOIQD8sw==}
    dev: true

  /pbf/3.2.1:
    resolution: {integrity: sha512-ClrV7pNOn7rtmoQVF4TS1vyU0WhYRnP92fzbfF75jAIwpnzdJXf8iTd4CMEqO4yUenH6NDqLiwjqlh6QgZzgLQ==}
    hasBin: true
    dependencies:
      ieee754: 1.2.1
      resolve-protobuf-schema: 2.1.0
    dev: false

  /polygon-clipping/0.15.3:
    resolution: {integrity: sha512-ho0Xx5DLkgxRx/+n4O74XyJ67DcyN3Tu9bGYKsnTukGAW6ssnuak6Mwcyb1wHy9MZc9xsUWqIoiazkZB5weECg==}
    dependencies:
      splaytree: 3.1.0
    dev: false

  /postcss/8.3.6:
    resolution: {integrity: sha512-wG1cc/JhRgdqB6WHEuyLTedf3KIRuD0hG6ldkFEZNCjRxiC+3i6kkWUUbiJQayP28iwG35cEmAbe98585BYV0A==}
    engines: {node: ^10 || ^12 || >=14}
    dependencies:
      colorette: 1.2.2
      nanoid: 3.1.23
      source-map-js: 0.6.2
    dev: true

  /protocol-buffers-schema/3.5.1:
    resolution: {integrity: sha512-YVCvdhxWNDP8/nJDyXLuM+UFsuPk4+1PB7WGPVDzm3HTHbzFLxQYeW2iZpS4mmnXrQJGBzt230t/BbEb7PrQaw==}
    dev: false

  /quickselect/2.0.0:
    resolution: {integrity: sha512-RKJ22hX8mHe3Y6wH/N3wCM6BWtjaxIyyUIkpHOvfFnxdI4yD4tBXEBKSbriGujF6jnSVkJrffuo6vxACiSSxIw==}
    dev: false

  /rbush/3.0.1:
    resolution: {integrity: sha512-XRaVO0YecOpEuIvbhbpTrZgoiI6xBlz6hnlr6EHhd+0x9ase6EmeN+hdwwUaJvLcsFFQ8iWVF1GAK1yB0BWi0w==}
    dependencies:
      quickselect: 2.0.0
    dev: false

  /resolve-protobuf-schema/2.1.0:
    resolution: {integrity: sha512-kI5ffTiZWmJaS/huM8wZfEMer1eRd7oJQhDuxeCLe3t7N7mX3z94CN0xPxBQxFYQTSNz9T0i+v6inKqSdK8xrQ==}
    dependencies:
      protocol-buffers-schema: 3.5.1
    dev: false

  /resolve/1.20.0:
    resolution: {integrity: sha512-wENBPt4ySzg4ybFQW2TT1zMQucPK95HSh/nq2CFTZVOGut2+pQvSsgtda4d26YrYcr067wjbmzOG8byDPBX63A==}
    dependencies:
      is-core-module: 2.5.0
      path-parse: 1.0.7
    dev: true

  /rollup/2.55.0:
    resolution: {integrity: sha512-Atc3QqelKzrKwRkqnSdq0d2Mi8e0iGuL+kZebKMZ4ysyWHD5hw9VfVCAuODIW5837RENV8LXcbAEHurYf+ArvA==}
    engines: {node: '>=10.0.0'}
    hasBin: true
    optionalDependencies:
      fsevents: 2.3.2
    dev: true

  /rw/1.3.3:
    resolution: {integrity: sha1-P4Yt+pGrdmsUiF700BEkv9oHT7Q=}
    dev: false

  /sort-asc/0.1.0:
    resolution: {integrity: sha1-q3md9h/HPqCVbHnEtTHtHp53J+k=}
    engines: {node: '>=0.10.0'}
    dev: false

  /sort-desc/0.1.1:
    resolution: {integrity: sha1-GYuMDN6wlcRjNBhh45JdTuNZqe4=}
    engines: {node: '>=0.10.0'}
    dev: false

  /sort-object/0.3.2:
    resolution: {integrity: sha1-mODRme3kDgfGGoRAPGHWw7KQ+eI=}
    engines: {node: '>=0.10.0'}
    dependencies:
      sort-asc: 0.1.0
      sort-desc: 0.1.1
    dev: false

  /source-map-js/0.6.2:
    resolution: {integrity: sha512-/3GptzWzu0+0MBQFrDKzw/DvvMTUORvgY6k6jd/VS6iCR4RDTKWH6v6WPwQoUO8667uQEf9Oe38DxAYWY5F/Ug==}
    engines: {node: '>=0.10.0'}
    dev: true

  /splaytree/3.1.0:
    resolution: {integrity: sha512-gvUGR7xnOy0fLKTCxDeUZYgU/I1Tdf8M/lM1Qrf8L2TIOR5ipZjGk02uYcdv0o2x7WjVRgpm3iS2clLyuVAt0Q==}
    dev: false

  /typescript/4.3.5:
    resolution: {integrity: sha512-DqQgihaQ9cUrskJo9kIyW/+g0Vxsk8cDtZ52a3NGh0YNTfpUSArXSohyUGnvbPazEPLu398C0UxmKSOrPumUzA==}
    engines: {node: '>=4.2.0'}
    hasBin: true
    dev: true

  /vite/2.4.4:
    resolution: {integrity: sha512-m1wK6pFJKmaYA6AeZIUXyiAgUAAJzVXhIMYCdZUpCaFMGps0v0IlNJtbmPvkUhVEyautalajmnW5X6NboUPsnw==}
    engines: {node: '>=12.0.0'}
    hasBin: true
    dependencies:
      esbuild: 0.12.16
      postcss: 8.3.6
      resolve: 1.20.0
      rollup: 2.55.0
    optionalDependencies:
      fsevents: 2.3.2
    dev: true

  /webfont-matcher/1.1.0:
    resolution: {integrity: sha1-mM6VCXsp4x++czBT4Q5XFkLRxsc=}
    dev: false
